
Microsoft Visual Studio Solution File, Format Version 12.00
# Visual Studio Version 16
VisualStudioVersion = 16.0.29411.108
MinimumVisualStudioVersion = 10.0.40219.1
Project("{FAE04EC0-301F-11D3-BF4B-00C04F79EFBC}") = "use_Delegates", "use_Delegates\use_Delegates.csproj", "{A0FE1C22-2905-486C-BA79-1CD38EB0714E}"
EndProject
Global
	GlobalSection(SolutionConfigurationPlatforms) = preSolution
		Debug|Any CPU = Debug|Any CPU
		Release|Any CPU = Release|Any CPU
	EndGlobalSection
	GlobalSection(ProjectConfigurationPlatforms) = postSolution
		{A0FE1C22-2905-486C-BA79-1CD38EB0714E}.Debug|Any CPU.ActiveCfg = Debug|Any CPU
		{A0FE1C22-2905-486C-BA79-1CD38EB0714E}.Debug|Any CPU.Build.0 = Debug|Any CPU
		{A0FE1C22-2905-486C-BA79-1CD38EB0714E}.Release|Any CPU.ActiveCfg = Release|Any CPU
		{A0FE1C22-2905-486C-BA79-1CD38EB0714E}.Release|Any CPU.Build.0 = Release|Any CPU
	EndGlobalSection
	GlobalSection(SolutionProperties) = preSolution
		HideSolutionNode = FALSE
	EndGlobalSection
	GlobalSection(ExtensibilityGlobals) = postSolution
		SolutionGuid = {2159BF35-9DA3-450A-9348-10BF9F2C7F70}
	EndGlobalSection
EndGlobal
